// !$*UTF8*$!
{
	archiveVersion = 1;
	classes = {
	};
	objectVersion = 46;
	objects = {

/* Begin PBXBuildFile section */
		5523E2B41C5635920034090A /* ObtainRepostitoriesResponseMapper.swift in Sources */ = {isa = PBXBuildFile; fileRef = 5523E2B31C5635920034090A /* ObtainRepostitoriesResponseMapper.swift */; };
		5523E2B61C5635B60034090A /* ObtainRepositroiesResponse.swift in Sources */ = {isa = PBXBuildFile; fileRef = 5523E2B51C5635B60034090A /* ObtainRepositroiesResponse.swift */; };
		556AE5791C5582CA00497F49 /* GitHubApiUser.swift in Sources */ = {isa = PBXBuildFile; fileRef = 556AE5781C5582CA00497F49 /* GitHubApiUser.swift */; };
		556AE57B1C558B4C00497F49 /* AuthorizationResponse.swift in Sources */ = {isa = PBXBuildFile; fileRef = 556AE57A1C558B4C00497F49 /* AuthorizationResponse.swift */; };
		556AE57D1C558C5B00497F49 /* AuthorizationMapper.swift in Sources */ = {isa = PBXBuildFile; fileRef = 556AE57C1C558C5B00497F49 /* AuthorizationMapper.swift */; };
		556AE57F1C558CA100497F49 /* MapperProtocol.swift in Sources */ = {isa = PBXBuildFile; fileRef = 556AE57E1C558CA100497F49 /* MapperProtocol.swift */; };
		55AEA2151C556BF9002B702A /* GitHubClientTests.swift in Sources */ = {isa = PBXBuildFile; fileRef = 55AEA2141C556BF9002B702A /* GitHubClientTests.swift */; };
		55AEA2481C5571B2002B702A /* Assets.xcassets in Resources */ = {isa = PBXBuildFile; fileRef = 55AEA2341C5571B2002B702A /* Assets.xcassets */; };
		55AEA2491C5571B2002B702A /* LaunchScreen.storyboard in Resources */ = {isa = PBXBuildFile; fileRef = 55AEA2351C5571B2002B702A /* LaunchScreen.storyboard */; };
		55AEA24A1C5571B2002B702A /* Main.storyboard in Resources */ = {isa = PBXBuildFile; fileRef = 55AEA2371C5571B2002B702A /* Main.storyboard */; };
		55AEA24C1C5571B2002B702A /* AppDelegate.swift in Sources */ = {isa = PBXBuildFile; fileRef = 55AEA2421C5571B2002B702A /* AppDelegate.swift */; };
		55AEA24E1C55747A002B702A /* GitHubApi.swift in Sources */ = {isa = PBXBuildFile; fileRef = 55AEA24D1C55747A002B702A /* GitHubApi.swift */; };
		9C70778AF92AEE4097399324 /* Pods_GitHubClient.framework in Frameworks */ = {isa = PBXBuildFile; fileRef = 8D3C2026BBE133BD67E90CA1 /* Pods_GitHubClient.framework */; };
/* End PBXBuildFile section */

/* Begin PBXContainerItemProxy section */
		55AEA2111C556BF9002B702A /* PBXContainerItemProxy */ = {
			isa = PBXContainerItemProxy;
			containerPortal = 55AEA1F41C556BF9002B702A /* Project object */;
			proxyType = 1;
			remoteGlobalIDString = 55AEA1FB1C556BF9002B702A;
			remoteInfo = GitHubClient;
		};
/* End PBXContainerItemProxy section */

/* Begin PBXFileReference section */
		5523E2B31C5635920034090A /* ObtainRepostitoriesResponseMapper.swift */ = {isa = PBXFileReference; fileEncoding = 4; lastKnownFileType = sourcecode.swift; path = ObtainRepostitoriesResponseMapper.swift; sourceTree = "<group>"; };
		5523E2B51C5635B60034090A /* ObtainRepositroiesResponse.swift */ = {isa = PBXFileReference; fileEncoding = 4; lastKnownFileType = sourcecode.swift; path = ObtainRepositroiesResponse.swift; sourceTree = "<group>"; };
		556AE5781C5582CA00497F49 /* GitHubApiUser.swift */ = {isa = PBXFileReference; fileEncoding = 4; lastKnownFileType = sourcecode.swift; name = GitHubApiUser.swift; path = ../Services/GitHubApiUser.swift; sourceTree = "<group>"; };
		556AE57A1C558B4C00497F49 /* AuthorizationResponse.swift */ = {isa = PBXFileReference; fileEncoding = 4; lastKnownFileType = sourcecode.swift; path = AuthorizationResponse.swift; sourceTree = "<group>"; };
		556AE57C1C558C5B00497F49 /* AuthorizationMapper.swift */ = {isa = PBXFileReference; fileEncoding = 4; lastKnownFileType = sourcecode.swift; path = AuthorizationMapper.swift; sourceTree = "<group>"; };
		556AE57E1C558CA100497F49 /* MapperProtocol.swift */ = {isa = PBXFileReference; fileEncoding = 4; lastKnownFileType = sourcecode.swift; path = MapperProtocol.swift; sourceTree = "<group>"; };
		556AE5801C55998200497F49 /* Info.plist */ = {isa = PBXFileReference; fileEncoding = 4; lastKnownFileType = text.plist.xml; path = Info.plist; sourceTree = "<group>"; };
		55AEA1FC1C556BF9002B702A /* GitHubClient.app */ = {isa = PBXFileReference; explicitFileType = wrapper.application; includeInIndex = 0; path = GitHubClient.app; sourceTree = BUILT_PRODUCTS_DIR; };
		55AEA2101C556BF9002B702A /* GitHubClientTests.xctest */ = {isa = PBXFileReference; explicitFileType = wrapper.cfbundle; includeInIndex = 0; path = GitHubClientTests.xctest; sourceTree = BUILT_PRODUCTS_DIR; };
		55AEA2141C556BF9002B702A /* GitHubClientTests.swift */ = {isa = PBXFileReference; lastKnownFileType = sourcecode.swift; path = GitHubClientTests.swift; sourceTree = "<group>"; };
		55AEA2161C556BF9002B702A /* Info.plist */ = {isa = PBXFileReference; lastKnownFileType = text.plist.xml; path = Info.plist; sourceTree = "<group>"; };
		55AEA2341C5571B2002B702A /* Assets.xcassets */ = {isa = PBXFileReference; lastKnownFileType = folder.assetcatalog; path = Assets.xcassets; sourceTree = "<group>"; };
		55AEA2361C5571B2002B702A /* Base */ = {isa = PBXFileReference; lastKnownFileType = file.storyboard; name = Base; path = Base.lproj/LaunchScreen.storyboard; sourceTree = "<group>"; };
		55AEA2381C5571B2002B702A /* Base */ = {isa = PBXFileReference; lastKnownFileType = file.storyboard; name = Base; path = Base.lproj/Main.storyboard; sourceTree = "<group>"; };
		55AEA2421C5571B2002B702A /* AppDelegate.swift */ = {isa = PBXFileReference; fileEncoding = 4; lastKnownFileType = sourcecode.swift; path = AppDelegate.swift; sourceTree = "<group>"; };
		55AEA24D1C55747A002B702A /* GitHubApi.swift */ = {isa = PBXFileReference; fileEncoding = 4; lastKnownFileType = sourcecode.swift; path = GitHubApi.swift; sourceTree = "<group>"; };
		8D3C2026BBE133BD67E90CA1 /* Pods_GitHubClient.framework */ = {isa = PBXFileReference; explicitFileType = wrapper.framework; includeInIndex = 0; path = Pods_GitHubClient.framework; sourceTree = BUILT_PRODUCTS_DIR; };
		91D23901DE6B71A9A872B79C /* Pods-GitHubClient.release.xcconfig */ = {isa = PBXFileReference; includeInIndex = 1; lastKnownFileType = text.xcconfig; name = "Pods-GitHubClient.release.xcconfig"; path = "Pods/Target Support Files/Pods-GitHubClient/Pods-GitHubClient.release.xcconfig"; sourceTree = "<group>"; };
		9277190514F9C09DC84030F3 /* Pods-GitHubClient.debug.xcconfig */ = {isa = PBXFileReference; includeInIndex = 1; lastKnownFileType = text.xcconfig; name = "Pods-GitHubClient.debug.xcconfig"; path = "Pods/Target Support Files/Pods-GitHubClient/Pods-GitHubClient.debug.xcconfig"; sourceTree = "<group>"; };
/* End PBXFileReference section */

/* Begin PBXFrameworksBuildPhase section */
		55AEA1F91C556BF9002B702A /* Frameworks */ = {
			isa = PBXFrameworksBuildPhase;
			buildActionMask = 2147483647;
			files = (
				9C70778AF92AEE4097399324 /* Pods_GitHubClient.framework in Frameworks */,
			);
			runOnlyForDeploymentPostprocessing = 0;
		};
		55AEA20D1C556BF9002B702A /* Frameworks */ = {
			isa = PBXFrameworksBuildPhase;
			buildActionMask = 2147483647;
			files = (
			);
			runOnlyForDeploymentPostprocessing = 0;
		};
/* End PBXFrameworksBuildPhase section */

/* Begin PBXGroup section */
		20E9C07814EC78E84E79DF28 /* Frameworks */ = {
			isa = PBXGroup;
			children = (
				8D3C2026BBE133BD67E90CA1 /* Pods_GitHubClient.framework */,
			);
			name = Frameworks;
			sourceTree = "<group>";
		};
		55AEA1F31C556BF9002B702A = {
			isa = PBXGroup;
			children = (
				55AEA1FE1C556BF9002B702A /* GitHubClient */,
				55AEA2131C556BF9002B702A /* GitHubClientTests */,
				55AEA1FD1C556BF9002B702A /* Products */,
				F3E154A5052524659744F771 /* Pods */,
				20E9C07814EC78E84E79DF28 /* Frameworks */,
			);
			sourceTree = "<group>";
		};
		55AEA1FD1C556BF9002B702A /* Products */ = {
			isa = PBXGroup;
			children = (
				55AEA1FC1C556BF9002B702A /* GitHubClient.app */,
				55AEA2101C556BF9002B702A /* GitHubClientTests.xctest */,
			);
			name = Products;
			sourceTree = "<group>";
		};
		55AEA1FE1C556BF9002B702A /* GitHubClient */ = {
			isa = PBXGroup;
			children = (
				556AE5801C55998200497F49 /* Info.plist */,
				55AEA2331C5571B2002B702A /* resource */,
				55AEA23A1C5571B2002B702A /* source */,
			);
			path = GitHubClient;
			sourceTree = "<group>";
		};
		55AEA2131C556BF9002B702A /* GitHubClientTests */ = {
			isa = PBXGroup;
			children = (
				55AEA2141C556BF9002B702A /* GitHubClientTests.swift */,
				55AEA2161C556BF9002B702A /* Info.plist */,
			);
			path = GitHubClientTests;
			sourceTree = "<group>";
		};
		55AEA2331C5571B2002B702A /* resource */ = {
			isa = PBXGroup;
			children = (
				55AEA2341C5571B2002B702A /* Assets.xcassets */,
				55AEA2351C5571B2002B702A /* LaunchScreen.storyboard */,
				55AEA2371C5571B2002B702A /* Main.storyboard */,
			);
			path = resource;
			sourceTree = "<group>";
		};
		55AEA23A1C5571B2002B702A /* source */ = {
			isa = PBXGroup;
			children = (
				55AEA23B1C5571B2002B702A /* Backend */,
				55AEA2451C5571B2002B702A /* Frontend */,
			);
			path = source;
			sourceTree = "<group>";
		};
		55AEA23B1C5571B2002B702A /* Backend */ = {
			isa = PBXGroup;
			children = (
				55AEA2421C5571B2002B702A /* AppDelegate.swift */,
				55AEA23C1C5571B2002B702A /* API */,
				55AEA2431C5571B2002B702A /* Models */,
				55AEA2441C5571B2002B702A /* Services */,
			);
			path = Backend;
			sourceTree = "<group>";
		};
		55AEA23C1C5571B2002B702A /* API */ = {
			isa = PBXGroup;
			children = (
				55AEA23D1C5571B2002B702A /* GitHubAPI */,
			);
			path = API;
			sourceTree = "<group>";
		};
		55AEA23D1C5571B2002B702A /* GitHubAPI */ = {
			isa = PBXGroup;
			children = (
				55AEA23E1C5571B2002B702A /* Mappers */,
				55AEA23F1C5571B2002B702A /* Models */,
				55AEA2401C5571B2002B702A /* Services */,
				55AEA2411C5571B2002B702A /* Transport */,
			);
			path = GitHubAPI;
			sourceTree = "<group>";
		};
		55AEA23E1C5571B2002B702A /* Mappers */ = {
			isa = PBXGroup;
			children = (
				556AE57E1C558CA100497F49 /* MapperProtocol.swift */,
				556AE57C1C558C5B00497F49 /* AuthorizationMapper.swift */,
				5523E2B31C5635920034090A /* ObtainRepostitoriesResponseMapper.swift */,
			);
			path = Mappers;
			sourceTree = "<group>";
		};
		55AEA23F1C5571B2002B702A /* Models */ = {
			isa = PBXGroup;
			children = (
				556AE5781C5582CA00497F49 /* GitHubApiUser.swift */,
				556AE57A1C558B4C00497F49 /* AuthorizationResponse.swift */,
				5523E2B51C5635B60034090A /* ObtainRepositroiesResponse.swift */,
			);
			path = Models;
			sourceTree = "<group>";
		};
		55AEA2401C5571B2002B702A /* Services */ = {
			isa = PBXGroup;
			children = (
				55AEA24D1C55747A002B702A /* GitHubApi.swift */,
			);
			path = Services;
			sourceTree = "<group>";
		};
		55AEA2411C5571B2002B702A /* Transport */ = {
			isa = PBXGroup;
			children = (
			);
			path = Transport;
			sourceTree = "<group>";
		};
		55AEA2431C5571B2002B702A /* Models */ = {
			isa = PBXGroup;
			children = (
			);
			path = Models;
			sourceTree = "<group>";
		};
		55AEA2441C5571B2002B702A /* Services */ = {
			isa = PBXGroup;
			children = (
			);
			path = Services;
			sourceTree = "<group>";
		};
		55AEA2451C5571B2002B702A /* Frontend */ = {
			isa = PBXGroup;
			children = (
				55AEA2461C5571B2002B702A /* Common */,
				55AEA2471C5571B2002B702A /* User strories */,
			);
			path = Frontend;
			sourceTree = "<group>";
		};
		55AEA2461C5571B2002B702A /* Common */ = {
			isa = PBXGroup;
			children = (
			);
			path = Common;
			sourceTree = "<group>";
		};
		55AEA2471C5571B2002B702A /* User strories */ = {
			isa = PBXGroup;
			children = (
			);
			path = "User strories";
			sourceTree = "<group>";
		};
		F3E154A5052524659744F771 /* Pods */ = {
			isa = PBXGroup;
			children = (
				9277190514F9C09DC84030F3 /* Pods-GitHubClient.debug.xcconfig */,
				91D23901DE6B71A9A872B79C /* Pods-GitHubClient.release.xcconfig */,
			);
			name = Pods;
			sourceTree = "<group>";
		};
/* End PBXGroup section */

/* Begin PBXNativeTarget section */
		55AEA1FB1C556BF9002B702A /* GitHubClient */ = {
			isa = PBXNativeTarget;
			buildConfigurationList = 55AEA2191C556BF9002B702A /* Build configuration list for PBXNativeTarget "GitHubClient" */;
			buildPhases = (
				5CFACC57C2407BD4D66F1C05 /* Check Pods Manifest.lock */,
				55AEA1F81C556BF9002B702A /* Sources */,
				55AEA1F91C556BF9002B702A /* Frameworks */,
				55AEA1FA1C556BF9002B702A /* Resources */,
				53F46B9C7BF3FCFAA380AE0C /* Embed Pods Frameworks */,
				F68C5829CD5286A5E7FCAC4B /* Copy Pods Resources */,
			);
			buildRules = (
			);
			dependencies = (
			);
			name = GitHubClient;
			productName = GitHubClient;
			productReference = 55AEA1FC1C556BF9002B702A /* GitHubClient.app */;
			productType = "com.apple.product-type.application";
		};
		55AEA20F1C556BF9002B702A /* GitHubClientTests */ = {
			isa = PBXNativeTarget;
			buildConfigurationList = 55AEA21C1C556BF9002B702A /* Build configuration list for PBXNativeTarget "GitHubClientTests" */;
			buildPhases = (
				55AEA20C1C556BF9002B702A /* Sources */,
				55AEA20D1C556BF9002B702A /* Frameworks */,
				55AEA20E1C556BF9002B702A /* Resources */,
			);
			buildRules = (
			);
			dependencies = (
				55AEA2121C556BF9002B702A /* PBXTargetDependency */,
			);
			name = GitHubClientTests;
			productName = GitHubClientTests;
			productReference = 55AEA2101C556BF9002B702A /* GitHubClientTests.xctest */;
			productType = "com.apple.product-type.bundle.unit-test";
		};
/* End PBXNativeTarget section */

/* Begin PBXProject section */
		55AEA1F41C556BF9002B702A /* Project object */ = {
			isa = PBXProject;
			attributes = {
				LastSwiftUpdateCheck = 0720;
				LastUpgradeCheck = 0720;
				ORGANIZATIONNAME = epam;
				TargetAttributes = {
					55AEA1FB1C556BF9002B702A = {
						CreatedOnToolsVersion = 7.2;
					};
					55AEA20F1C556BF9002B702A = {
						CreatedOnToolsVersion = 7.2;
						TestTargetID = 55AEA1FB1C556BF9002B702A;
					};
				};
			};
			buildConfigurationList = 55AEA1F71C556BF9002B702A /* Build configuration list for PBXProject "GitHubClient" */;
			compatibilityVersion = "Xcode 3.2";
			developmentRegion = English;
			hasScannedForEncodings = 0;
			knownRegions = (
				en,
				Base,
			);
			mainGroup = 55AEA1F31C556BF9002B702A;
			productRefGroup = 55AEA1FD1C556BF9002B702A /* Products */;
			projectDirPath = "";
			projectRoot = "";
			targets = (
				55AEA1FB1C556BF9002B702A /* GitHubClient */,
				55AEA20F1C556BF9002B702A /* GitHubClientTests */,
			);
		};
/* End PBXProject section */

/* Begin PBXResourcesBuildPhase section */
		55AEA1FA1C556BF9002B702A /* Resources */ = {
			isa = PBXResourcesBuildPhase;
			buildActionMask = 2147483647;
			files = (
				55AEA24A1C5571B2002B702A /* Main.storyboard in Resources */,
				55AEA2481C5571B2002B702A /* Assets.xcassets in Resources */,
				55AEA2491C5571B2002B702A /* LaunchScreen.storyboard in Resources */,
			);
			runOnlyForDeploymentPostprocessing = 0;
		};
		55AEA20E1C556BF9002B702A /* Resources */ = {
			isa = PBXResourcesBuildPhase;
			buildActionMask = 2147483647;
			files = (
			);
			runOnlyForDeploymentPostprocessing = 0;
		};
/* End PBXResourcesBuildPhase section */

/* Begin PBXShellScriptBuildPhase section */
		53F46B9C7BF3FCFAA380AE0C /* Embed Pods Frameworks */ = {
			isa = PBXShellScriptBuildPhase;
			buildActionMask = 2147483647;
			files = (
			);
			inputPaths = (
			);
			name = "Embed Pods Frameworks";
			outputPaths = (
			);
			runOnlyForDeploymentPostprocessing = 0;
			shellPath = /bin/sh;
			shellScript = "\"${SRCROOT}/Pods/Target Support Files/Pods-GitHubClient/Pods-GitHubClient-frameworks.sh\"\n";
			showEnvVarsInLog = 0;
		};
		5CFACC57C2407BD4D66F1C05 /* Check Pods Manifest.lock */ = {
			isa = PBXShellScriptBuildPhase;
			buildActionMask = 2147483647;
			files = (
			);
			inputPaths = (
			);
			name = "Check Pods Manifest.lock";
			outputPaths = (
			);
			runOnlyForDeploymentPostprocessing = 0;
			shellPath = /bin/sh;
			shellScript = "diff \"${PODS_ROOT}/../Podfile.lock\" \"${PODS_ROOT}/Manifest.lock\" > /dev/null\nif [[ $? != 0 ]] ; then\n    cat << EOM\nerror: The sandbox is not in sync with the Podfile.lock. Run 'pod install' or update your CocoaPods installation.\nEOM\n    exit 1\nfi\n";
			showEnvVarsInLog = 0;
		};
		F68C5829CD5286A5E7FCAC4B /* Copy Pods Resources */ = {
			isa = PBXShellScriptBuildPhase;
			buildActionMask = 2147483647;
			files = (
			);
			inputPaths = (
			);
			name = "Copy Pods Resources";
			outputPaths = (
			);
			runOnlyForDeploymentPostprocessing = 0;
			shellPath = /bin/sh;
			shellScript = "\"${SRCROOT}/Pods/Target Support Files/Pods-GitHubClient/Pods-GitHubClient-resources.sh\"\n";
			showEnvVarsInLog = 0;
		};
/* End PBXShellScriptBuildPhase section */

/* Begin PBXSourcesBuildPhase section */
		55AEA1F81C556BF9002B702A /* Sources */ = {
			isa = PBXSourcesBuildPhase;
			buildActionMask = 2147483647;
			files = (
				55AEA24C1C5571B2002B702A /* AppDelegate.swift in Sources */,
				5523E2B41C5635920034090A /* ObtainRepostitoriesResponseMapper.swift in Sources */,
				556AE5791C5582CA00497F49 /* GitHubApiUser.swift in Sources */,
				556AE57F1C558CA100497F49 /* MapperProtocol.swift in Sources */,
				556AE57D1C558C5B00497F49 /* AuthorizationMapper.swift in Sources */,
				556AE57B1C558B4C00497F49 /* AuthorizationResponse.swift in Sources */,
				5523E2B61C5635B60034090A /* ObtainRepositroiesResponse.swift in Sources */,
				55AEA24E1C55747A002B702A /* GitHubApi.swift in Sources */,
			);
			runOnlyForDeploymentPostprocessing = 0;
		};
		55AEA20C1C556BF9002B702A /* Sources */ = {
			isa = PBXSourcesBuildPhase;
			buildActionMask = 2147483647;
			files = (
				55AEA2151C556BF9002B702A /* GitHubClientTests.swift in Sources */,
			);
			runOnlyForDeploymentPostprocessing = 0;
		};
/* End PBXSourcesBuildPhase section */

/* Begin PBXTargetDependency section */
		55AEA2121C556BF9002B702A /* PBXTargetDependency */ = {
			isa = PBXTargetDependency;
			target = 55AEA1FB1C556BF9002B702A /* GitHubClient */;
			targetProxy = 55AEA2111C556BF9002B702A /* PBXContainerItemProxy */;
		};
/* End PBXTargetDependency section */

/* Begin PBXVariantGroup section */
		55AEA2351C5571B2002B702A /* LaunchScreen.storyboard */ = {
			isa = PBXVariantGroup;
			children = (
				55AEA2361C5571B2002B702A /* Base */,
			);
			name = LaunchScreen.storyboard;
			sourceTree = "<group>";
		};
		55AEA2371C5571B2002B702A /* Main.storyboard */ = {
			isa = PBXVariantGroup;
			children = (
				55AEA2381C5571B2002B702A /* Base */,
			);
			name = Main.storyboard;
			sourceTree = "<group>";
		};
/* End PBXVariantGroup section */

/* Begin XCBuildConfiguration section */
		55AEA2171C556BF9002B702A /* Debug */ = {
			isa = XCBuildConfiguration;
			buildSettings = {
				ALWAYS_SEARCH_USER_PATHS = NO;
				CLANG_CXX_LANGUAGE_STANDARD = "gnu++0x";
				CLANG_CXX_LIBRARY = "libc++";
				CLANG_ENABLE_MODULES = YES;
				CLANG_ENABLE_OBJC_ARC = YES;
				CLANG_WARN_BOOL_CONVERSION = YES;
				CLANG_WARN_CONSTANT_CONVERSION = YES;
				CLANG_WARN_DIRECT_OBJC_ISA_USAGE = YES_ERROR;
				CLANG_WARN_EMPTY_BODY = YES;
				CLANG_WARN_ENUM_CONVERSION = YES;
				CLANG_WARN_INT_CONVERSION = YES;
				CLANG_WARN_OBJC_ROOT_CLASS = YES_ERROR;
				CLANG_WARN_UNREACHABLE_CODE = YES;
				CLANG_WARN__DUPLICATE_METHOD_MATCH = YES;
				"CODE_SIGN_IDENTITY[sdk=iphoneos*]" = "iPhone Developer";
				COPY_PHASE_STRIP = NO;
				DEBUG_INFORMATION_FORMAT = dwarf;
				ENABLE_STRICT_OBJC_MSGSEND = YES;
				ENABLE_TESTABILITY = YES;
				GCC_C_LANGUAGE_STANDARD = gnu99;
				GCC_DYNAMIC_NO_PIC = NO;
				GCC_NO_COMMON_BLOCKS = YES;
				GCC_OPTIMIZATION_LEVEL = 0;
				GCC_PREPROCESSOR_DEFINITIONS = (
					"DEBUG=1",
					"$(inherited)",
				);
				GCC_WARN_64_TO_32_BIT_CONVERSION = YES;
				GCC_WARN_ABOUT_RETURN_TYPE = YES_ERROR;
				GCC_WARN_UNDECLARED_SELECTOR = YES;
				GCC_WARN_UNINITIALIZED_AUTOS = YES_AGGRESSIVE;
				GCC_WARN_UNUSED_FUNCTION = YES;
				GCC_WARN_UNUSED_VARIABLE = YES;
				IPHONEOS_DEPLOYMENT_TARGET = 9.2;
				MTL_ENABLE_DEBUG_INFO = YES;
				ONLY_ACTIVE_ARCH = YES;
				SDKROOT = iphoneos;
				SWIFT_OPTIMIZATION_LEVEL = "-Onone";
				TARGETED_DEVICE_FAMILY = "1,2";
			};
			name = Debug;
		};
		55AEA2181C556BF9002B702A /* Release */ = {
			isa = XCBuildConfiguration;
			buildSettings = {
				ALWAYS_SEARCH_USER_PATHS = NO;
				CLANG_CXX_LANGUAGE_STANDARD = "gnu++0x";
				CLANG_CXX_LIBRARY = "libc++";
				CLANG_ENABLE_MODULES = YES;
				CLANG_ENABLE_OBJC_ARC = YES;
				CLANG_WARN_BOOL_CONVERSION = YES;
				CLANG_WARN_CONSTANT_CONVERSION = YES;
				CLANG_WARN_DIRECT_OBJC_ISA_USAGE = YES_ERROR;
				CLANG_WARN_EMPTY_BODY = YES;
				CLANG_WARN_ENUM_CONVERSION = YES;
				CLANG_WARN_INT_CONVERSION = YES;
				CLANG_WARN_OBJC_ROOT_CLASS = YES_ERROR;
				CLANG_WARN_UNREACHABLE_CODE = YES;
				CLANG_WARN__DUPLICATE_METHOD_MATCH = YES;
				"CODE_SIGN_IDENTITY[sdk=iphoneos*]" = "iPhone Developer";
				COPY_PHASE_STRIP = NO;
				DEBUG_INFORMATION_FORMAT = "dwarf-with-dsym";
				ENABLE_NS_ASSERTIONS = NO;
				ENABLE_STRICT_OBJC_MSGSEND = YES;
				GCC_C_LANGUAGE_STANDARD = gnu99;
				GCC_NO_COMMON_BLOCKS = YES;
				GCC_WARN_64_TO_32_BIT_CONVERSION = YES;
				GCC_WARN_ABOUT_RETURN_TYPE = YES_ERROR;
				GCC_WARN_UNDECLARED_SELECTOR = YES;
				GCC_WARN_UNINITIALIZED_AUTOS = YES_AGGRESSIVE;
				GCC_WARN_UNUSED_FUNCTION = YES;
				GCC_WARN_UNUSED_VARIABLE = YES;
				IPHONEOS_DEPLOYMENT_TARGET = 9.2;
				MTL_ENABLE_DEBUG_INFO = NO;
				SDKROOT = iphoneos;
				TARGETED_DEVICE_FAMILY = "1,2";
				VALIDATE_PRODUCT = YES;
			};
			name = Release;
		};
		55AEA21A1C556BF9002B702A /* Debug */ = {
			isa = XCBuildConfiguration;
			baseConfigurationReference = 9277190514F9C09DC84030F3 /* Pods-GitHubClient.debug.xcconfig */;
			buildSettings = {
				ASSETCATALOG_COMPILER_APPICON_NAME = AppIcon;
				INFOPLIST_FILE = GitHubClient/Info.plist;
				LD_RUNPATH_SEARCH_PATHS = "$(inherited) @executable_path/Frameworks";
				PRODUCT_BUNDLE_IDENTIFIER = epam.GitHubClient;
				PRODUCT_NAME = "$(TARGET_NAME)";
			};
			name = Debug;
		};
		55AEA21B1C556BF9002B702A /* Release */ = {
			isa = XCBuildConfiguration;
			baseConfigurationReference = 91D23901DE6B71A9A872B79C /* Pods-GitHubClient.release.xcconfig */;
			buildSettings = {
				ASSETCATALOG_COMPILER_APPICON_NAME = AppIcon;
				INFOPLIST_FILE = GitHubClient/Info.plist;
				LD_RUNPATH_SEARCH_PATHS = "$(inherited) @executable_path/Frameworks";
				PRODUCT_BUNDLE_IDENTIFIER = epam.GitHubClient;
				PRODUCT_NAME = "$(TARGET_NAME)";
			};
			name = Release;
		};
		55AEA21D1C556BF9002B702A /* Debug */ = {
			isa = XCBuildConfiguration;
			buildSettings = {
				BUNDLE_LOADER = "$(TEST_HOST)";
				INFOPLIST_FILE = GitHubClientTests/Info.plist;
				LD_RUNPATH_SEARCH_PATHS = "$(inherited) @executable_path/Frameworks @loader_path/Frameworks";
				PRODUCT_BUNDLE_IDENTIFIER = epam.GitHubClientTests;
				PRODUCT_NAME = "$(TARGET_NAME)";
				TEST_HOST = "$(BUILT_PRODUCTS_DIR)/GitHubClient.app/GitHubClient";
			};
			name = Debug;
		};
		55AEA21E1C556BF9002B702A /* Release */ = {
			isa = XCBuildConfiguration;
			buildSettings = {
				BUNDLE_LOADER = "$(TEST_HOST)";
				INFOPLIST_FILE = GitHubClientTests/Info.plist;
				LD_RUNPATH_SEARCH_PATHS = "$(inherited) @executable_path/Frameworks @loader_path/Frameworks";
				PRODUCT_BUNDLE_IDENTIFIER = epam.GitHubClientTests;
				PRODUCT_NAME = "$(TARGET_NAME)";
				TEST_HOST = "$(BUILT_PRODUCTS_DIR)/GitHubClient.app/GitHubClient";
			};
			name = Release;
		};
/* End XCBuildConfiguration section */

/* Begin XCConfigurationList section */
		55AEA1F71C556BF9002B702A /* Build configuration list for PBXProject "GitHubClient" */ = {
			isa = XCConfigurationList;
			buildConfigurations = (
				55AEA2171C556BF9002B702A /* Debug */,
				55AEA2181C556BF9002B702A /* Release */,
			);
			defaultConfigurationIsVisible = 0;
			defaultConfigurationName = Release;
		};
		55AEA2191C556BF9002B702A /* Build configuration list for PBXNativeTarget "GitHubClient" */ = {
			isa = XCConfigurationList;
			buildConfigurations = (
				55AEA21A1C556BF9002B702A /* Debug */,
				55AEA21B1C556BF9002B702A /* Release */,
			);
			defaultConfigurationIsVisible = 0;
			defaultConfigurationName = Release;
		};
		55AEA21C1C556BF9002B702A /* Build configuration list for PBXNativeTarget "GitHubClientTests" */ = {
			isa = XCConfigurationList;
			buildConfigurations = (
				55AEA21D1C556BF9002B702A /* Debug */,
				55AEA21E1C556BF9002B702A /* Release */,
			);
			defaultConfigurationIsVisible = 0;
			defaultConfigurationName = Release;
		};
/* End XCConfigurationList section */
	};
	rootObject = 55AEA1F41C556BF9002B702A /* Project object */;
}
